
Microsoft Visual Studio Solution File, Format Version 12.00
# Visual Studio Version 16
VisualStudioVersion = 16.0.28803.156
MinimumVisualStudioVersion = 10.0.40219.1
Project("{9A19103F-16F7-4668-BE54-9A1E7A4F7556}") = "Build_IT_BeamStaticaTests", "Build_IT_BeamStaticaTests\Build_IT_BeamStaticaTests.csproj", "{7B0840BC-254C-41A0-9B80-344C97820C14}"
EndProject
Project("{9A19103F-16F7-4668-BE54-9A1E7A4F7556}") = "Build_IT_ScriptInterpreterTests", "Build_IT_ScriptInterpreterTests\Build_IT_ScriptInterpreterTests.csproj", "{CC1C1A78-C157-4A62-98AE-27BC98F77F59}"
EndProject
Project("{9A19103F-16F7-4668-BE54-9A1E7A4F7556}") = "Build_IT_FrameStatica", "Build_IT_FrameStatica\Build_IT_FrameStatica.csproj", "{BE190A6C-3C51-4BB3-B71A-DA8D33E267FC}"
EndProject
Project("{9A19103F-16F7-4668-BE54-9A1E7A4F7556}") = "Build_IT_FrameStaticaTests", "Build_IT_FrameStaticaTests\Build_IT_FrameStaticaTests.csproj", "{E7BE1D4A-7D44-4A71-A17B-1E4D77D0F4CB}"
EndProject
Project("{2150E333-8FDC-42A3-9474-1A3956D46DE8}") = "Statica", "Statica", "{1FDA7CCD-245E-4EC6-8FFE-7516EF1B6653}"
EndProject
Project("{2150E333-8FDC-42A3-9474-1A3956D46DE8}") = "Loads", "Loads", "{6165029B-5A29-4072-8AEC-846930E60CC8}"
EndProject
Project("{9A19103F-16F7-4668-BE54-9A1E7A4F7556}") = "Build_IT_SnowLoads", "Build_IT_SnowLoad\Build_IT_SnowLoads.csproj", "{B90C11CE-B5AB-4346-B9F1-92DC03220393}"
EndProject
Project("{9A19103F-16F7-4668-BE54-9A1E7A4F7556}") = "Build_IT_SnowLoadsUnitTests", "Build_IT_SnowLoadsTests\Build_IT_SnowLoadsUnitTests.csproj", "{18A455EE-67DC-4F0F-9173-224EDDA5D9BD}"
EndProject
Project("{2150E333-8FDC-42A3-9474-1A3956D46DE8}") = "Data", "Data", "{292CEC5A-5169-414E-A8FD-0EFB1B7F3F5B}"
EndProject
Project("{9A19103F-16F7-4668-BE54-9A1E7A4F7556}") = "Build_IT_Data", "Build_IT_Data\Build_IT_Data.csproj", "{4B3192B9-A25C-452F-AF3F-4944A6A8C601}"
EndProject
Project("{9A19103F-16F7-4668-BE54-9A1E7A4F7556}") = "Build_IT_DataTests", "Build_IT_DataTests\Build_IT_DataTests.csproj", "{7490C786-FDC8-4A8F-BFA3-44CB500182CA}"
EndProject
Project("{2150E333-8FDC-42A3-9474-1A3956D46DE8}") = "Tests", "Tests", "{668246E3-39E5-4B1A-8CEA-841126D5F928}"
EndProject
Project("{9A19103F-16F7-4668-BE54-9A1E7A4F7556}") = "Build_IT_WindLoads", "Build_IT_WindLoads\Build_IT_WindLoads.csproj", "{1F109729-7F45-40BE-9C2B-0461679F11BC}"
EndProject
Project("{9A19103F-16F7-4668-BE54-9A1E7A4F7556}") = "Build_IT_WindLoadsTests", "Build_IT_WindLoadsTests\Build_IT_WindLoadsTests.csproj", "{56E60EB5-3A84-4EB3-95F9-F614DF6B7810}"
EndProject
Project("{9A19103F-16F7-4668-BE54-9A1E7A4F7556}") = "Build_IT_CommonToolsTests", "Build_IT_CommonToolsTests\Build_IT_CommonToolsTests.csproj", "{3525816F-B0CE-4E34-A8C8-63BEAF833767}"
EndProject
Project("{9A19103F-16F7-4668-BE54-9A1E7A4F7556}") = "Build_IT_CommonTools", "Build_IT_CommonTools\Build_IT_CommonTools.csproj", "{BA1915DB-B515-4CF6-BED0-3B2983417463}"
EndProject
Project("{9A19103F-16F7-4668-BE54-9A1E7A4F7556}") = "Build_IT_BeamStatica", "Build_IT_BeamStatica\Build_IT_BeamStatica.csproj", "{CA85B5AC-02A5-4CFF-9F67-6FFF1F957E0B}"
EndProject
Project("{9A19103F-16F7-4668-BE54-9A1E7A4F7556}") = "Build_IT_ScriptInterpreter", "Build_IT_ScriptInterpreter\Build_IT_ScriptInterpreter.csproj", "{91DB7360-9EF2-4D93-8210-6B637AE14116}"
EndProject
Project("{9A19103F-16F7-4668-BE54-9A1E7A4F7556}") = "Build_IT_DataAccess", "Build_IT_DataAccess\Build_IT_DataAccess.csproj", "{7F22E064-9DE1-4678-A0CC-80B8289F3620}"
EndProject
Project("{2150E333-8FDC-42A3-9474-1A3956D46DE8}") = "Tests", "Tests", "{98772539-8117-4A98-8032-4DE7D1785276}"
EndProject
Project("{9A19103F-16F7-4668-BE54-9A1E7A4F7556}") = "Build_IT_ScriptService", "Build_IT_ScriptService\Build_IT_ScriptService.csproj", "{E09EA8C7-4BE8-4C15-B96B-BBF2D512D3FE}"
EndProject
Project("{2150E333-8FDC-42A3-9474-1A3956D46DE8}") = "Tests", "Tests", "{34F62038-BA21-442A-8DA3-7098D9950728}"
EndProject
Project("{2150E333-8FDC-42A3-9474-1A3956D46DE8}") = "Scripts", "Scripts", "{9B692427-70D6-4F29-9E91-A51759D607F4}"
EndProject
Project("{9A19103F-16F7-4668-BE54-9A1E7A4F7556}") = "Build_IT_WebTest", "Build_IT_WebTest\Build_IT_WebTest.csproj", "{21E0BDE8-70D1-4646-AA17-BD8B35044A77}"
EndProject
Project("{9A19103F-16F7-4668-BE54-9A1E7A4F7556}") = "Build_IT_Web_TestHelper", "Build_IT_Web_TestHelper\Build_IT_Web_TestHelper.csproj", "{ACE35064-27A1-4816-9D38-F15C8ED2CD13}"
EndProject
Project("{9A19103F-16F7-4668-BE54-9A1E7A4F7556}") = "Build_IT_Application", "Build_IT_Application\Build_IT_Application.csproj", "{0499A268-3D2D-49FF-A1EF-680BCFD4A428}"
EndProject
Project("{9A19103F-16F7-4668-BE54-9A1E7A4F7556}") = "Build_IT_ApplicationTest", "Build_IT_ApplicationTest\Build_IT_ApplicationTest.csproj", "{A8266004-CC33-4BB2-B5D0-CA6FF41C531A}"
EndProject
Project("{2150E333-8FDC-42A3-9474-1A3956D46DE8}") = "WebApp", "WebApp", "{138058DF-113E-41DA-914E-406F82F29B88}"
EndProject
Project("{2150E333-8FDC-42A3-9474-1A3956D46DE8}") = "Tests", "Tests", "{0C5B1CD8-936A-4399-8CAF-885242B4C99A}"
EndProject
Project("{2150E333-8FDC-42A3-9474-1A3956D46DE8}") = "Tests", "Tests", "{7C835EA3-A871-427A-856C-AF83B944A907}"
EndProject
Project("{9A19103F-16F7-4668-BE54-9A1E7A4F7556}") = "Build_IT_Reports", "Build_IT_Reports\Build_IT_Reports.csproj", "{81DA1CDA-7034-4DD2-8CD1-BF5978C49066}"
EndProject
Project("{9A19103F-16F7-4668-BE54-9A1E7A4F7556}") = "Build_IT_SnowLoadsIntegrationTests", "Build_IT_SnowLoadsIntegrationTests\Build_IT_SnowLoadsIntegrationTests.csproj", "{6B93CD7F-23F8-439A-8B69-1DD5ADB879F6}"
EndProject
Project("{9A19103F-16F7-4668-BE54-9A1E7A4F7556}") = "Build_IT_FrameStaticaAcceptanceTests", "Build_IT_FrameStaticaAcceptanceTests\Build_IT_FrameStaticaAcceptanceTests.csproj", "{3A3A9AA0-0A02-4991-82C2-ED15D8C8D217}"
EndProject
Project("{2150E333-8FDC-42A3-9474-1A3956D46DE8}") = "Architecture", "Architecture", "{55CDC6D8-2B68-4654-826F-8D0FE98D1BDE}"
	ProjectSection(SolutionItems) = preProject
		azure-pipelines.yml = azure-pipelines.yml
	EndProjectSection
EndProject
Project("{9A19103F-16F7-4668-BE54-9A1E7A4F7556}") = "Build_IT_SoftwareArchitecture", "Build_IT_SoftwareArchitecture\Build_IT_SoftwareArchitecture.csproj", "{75847B8F-70AF-45B4-9F37-45CB584A87F5}"
EndProject
Project("{9A19103F-16F7-4668-BE54-9A1E7A4F7556}") = "Build_IT_Web", "Build_IT_Web\Build_IT_Web.csproj", "{6C8F37A5-D1E6-4B6B-BC23-B7EF6BBB01C3}"
EndProject
Project("{2150E333-8FDC-42A3-9474-1A3956D46DE8}") = "Documentation", "Documentation", "{ADDF6EC7-2325-4E68-A93C-A343907A1455}"
	ProjectSection(SolutionItems) = preProject
		Documentation\Script1.docx = Documentation\Script1.docx
		Documentation\ScriptsList.txt = Documentation\ScriptsList.txt
	EndProjectSection
EndProject
Global
	GlobalSection(SolutionConfigurationPlatforms) = preSolution
		Debug|Any CPU = Debug|Any CPU
		Debug|iPhone = Debug|iPhone
		Debug|iPhoneSimulator = Debug|iPhoneSimulator
		Debug|x86 = Debug|x86
		Release|Any CPU = Release|Any CPU
		Release|iPhone = Release|iPhone
		Release|iPhoneSimulator = Release|iPhoneSimulator
		Release|x86 = Release|x86
	EndGlobalSection
	GlobalSection(ProjectConfigurationPlatforms) = postSolution
		{7B0840BC-254C-41A0-9B80-344C97820C14}.Debug|Any CPU.ActiveCfg = Debug|Any CPU
		{7B0840BC-254C-41A0-9B80-344C97820C14}.Debug|Any CPU.Build.0 = Debug|Any CPU
		{7B0840BC-254C-41A0-9B80-344C97820C14}.Debug|iPhone.ActiveCfg = Debug|Any CPU
		{7B0840BC-254C-41A0-9B80-344C97820C14}.Debug|iPhone.Build.0 = Debug|Any CPU
		{7B0840BC-254C-41A0-9B80-344C97820C14}.Debug|iPhoneSimulator.ActiveCfg = Debug|Any CPU
		{7B0840BC-254C-41A0-9B80-344C97820C14}.Debug|iPhoneSimulator.Build.0 = Debug|Any CPU
		{7B0840BC-254C-41A0-9B80-344C97820C14}.Debug|x86.ActiveCfg = Debug|Any CPU
		{7B0840BC-254C-41A0-9B80-344C97820C14}.Debug|x86.Build.0 = Debug|Any CPU
		{7B0840BC-254C-41A0-9B80-344C97820C14}.Release|Any CPU.ActiveCfg = Release|Any CPU
		{7B0840BC-254C-41A0-9B80-344C97820C14}.Release|Any CPU.Build.0 = Release|Any CPU
		{7B0840BC-254C-41A0-9B80-344C97820C14}.Release|iPhone.ActiveCfg = Release|Any CPU
		{7B0840BC-254C-41A0-9B80-344C97820C14}.Release|iPhone.Build.0 = Release|Any CPU
		{7B0840BC-254C-41A0-9B80-344C97820C14}.Release|iPhoneSimulator.ActiveCfg = Release|Any CPU
		{7B0840BC-254C-41A0-9B80-344C97820C14}.Release|iPhoneSimulator.Build.0 = Release|Any CPU
		{7B0840BC-254C-41A0-9B80-344C97820C14}.Release|x86.ActiveCfg = Release|Any CPU
		{7B0840BC-254C-41A0-9B80-344C97820C14}.Release|x86.Build.0 = Release|Any CPU
		{CC1C1A78-C157-4A62-98AE-27BC98F77F59}.Debug|Any CPU.ActiveCfg = Debug|Any CPU
		{CC1C1A78-C157-4A62-98AE-27BC98F77F59}.Debug|Any CPU.Build.0 = Debug|Any CPU
		{CC1C1A78-C157-4A62-98AE-27BC98F77F59}.Debug|iPhone.ActiveCfg = Debug|Any CPU
		{CC1C1A78-C157-4A62-98AE-27BC98F77F59}.Debug|iPhone.Build.0 = Debug|Any CPU
		{CC1C1A78-C157-4A62-98AE-27BC98F77F59}.Debug|iPhoneSimulator.ActiveCfg = Debug|Any CPU
		{CC1C1A78-C157-4A62-98AE-27BC98F77F59}.Debug|iPhoneSimulator.Build.0 = Debug|Any CPU
		{CC1C1A78-C157-4A62-98AE-27BC98F77F59}.Debug|x86.ActiveCfg = Debug|Any CPU
		{CC1C1A78-C157-4A62-98AE-27BC98F77F59}.Debug|x86.Build.0 = Debug|Any CPU
		{CC1C1A78-C157-4A62-98AE-27BC98F77F59}.Release|Any CPU.ActiveCfg = Release|Any CPU
		{CC1C1A78-C157-4A62-98AE-27BC98F77F59}.Release|Any CPU.Build.0 = Release|Any CPU
		{CC1C1A78-C157-4A62-98AE-27BC98F77F59}.Release|iPhone.ActiveCfg = Release|Any CPU
		{CC1C1A78-C157-4A62-98AE-27BC98F77F59}.Release|iPhone.Build.0 = Release|Any CPU
		{CC1C1A78-C157-4A62-98AE-27BC98F77F59}.Release|iPhoneSimulator.ActiveCfg = Release|Any CPU
		{CC1C1A78-C157-4A62-98AE-27BC98F77F59}.Release|iPhoneSimulator.Build.0 = Release|Any CPU
		{CC1C1A78-C157-4A62-98AE-27BC98F77F59}.Release|x86.ActiveCfg = Release|Any CPU
		{CC1C1A78-C157-4A62-98AE-27BC98F77F59}.Release|x86.Build.0 = Release|Any CPU
		{BE190A6C-3C51-4BB3-B71A-DA8D33E267FC}.Debug|Any CPU.ActiveCfg = Debug|Any CPU
		{BE190A6C-3C51-4BB3-B71A-DA8D33E267FC}.Debug|Any CPU.Build.0 = Debug|Any CPU
		{BE190A6C-3C51-4BB3-B71A-DA8D33E267FC}.Debug|iPhone.ActiveCfg = Debug|Any CPU
		{BE190A6C-3C51-4BB3-B71A-DA8D33E267FC}.Debug|iPhone.Build.0 = Debug|Any CPU
		{BE190A6C-3C51-4BB3-B71A-DA8D33E267FC}.Debug|iPhoneSimulator.ActiveCfg = Debug|Any CPU
		{BE190A6C-3C51-4BB3-B71A-DA8D33E267FC}.Debug|iPhoneSimulator.Build.0 = Debug|Any CPU
		{BE190A6C-3C51-4BB3-B71A-DA8D33E267FC}.Debug|x86.ActiveCfg = Debug|Any CPU
		{BE190A6C-3C51-4BB3-B71A-DA8D33E267FC}.Debug|x86.Build.0 = Debug|Any CPU
		{BE190A6C-3C51-4BB3-B71A-DA8D33E267FC}.Release|Any CPU.ActiveCfg = Release|Any CPU
		{BE190A6C-3C51-4BB3-B71A-DA8D33E267FC}.Release|Any CPU.Build.0 = Release|Any CPU
		{BE190A6C-3C51-4BB3-B71A-DA8D33E267FC}.Release|iPhone.ActiveCfg = Release|Any CPU
		{BE190A6C-3C51-4BB3-B71A-DA8D33E267FC}.Release|iPhone.Build.0 = Release|Any CPU
		{BE190A6C-3C51-4BB3-B71A-DA8D33E267FC}.Release|iPhoneSimulator.ActiveCfg = Release|Any CPU
		{BE190A6C-3C51-4BB3-B71A-DA8D33E267FC}.Release|iPhoneSimulator.Build.0 = Release|Any CPU
		{BE190A6C-3C51-4BB3-B71A-DA8D33E267FC}.Release|x86.ActiveCfg = Release|Any CPU
		{BE190A6C-3C51-4BB3-B71A-DA8D33E267FC}.Release|x86.Build.0 = Release|Any CPU
		{E7BE1D4A-7D44-4A71-A17B-1E4D77D0F4CB}.Debug|Any CPU.ActiveCfg = Debug|Any CPU
		{E7BE1D4A-7D44-4A71-A17B-1E4D77D0F4CB}.Debug|Any CPU.Build.0 = Debug|Any CPU
		{E7BE1D4A-7D44-4A71-A17B-1E4D77D0F4CB}.Debug|iPhone.ActiveCfg = Debug|Any CPU
		{E7BE1D4A-7D44-4A71-A17B-1E4D77D0F4CB}.Debug|iPhone.Build.0 = Debug|Any CPU
		{E7BE1D4A-7D44-4A71-A17B-1E4D77D0F4CB}.Debug|iPhoneSimulator.ActiveCfg = Debug|Any CPU
		{E7BE1D4A-7D44-4A71-A17B-1E4D77D0F4CB}.Debug|iPhoneSimulator.Build.0 = Debug|Any CPU
		{E7BE1D4A-7D44-4A71-A17B-1E4D77D0F4CB}.Debug|x86.ActiveCfg = Debug|Any CPU
		{E7BE1D4A-7D44-4A71-A17B-1E4D77D0F4CB}.Debug|x86.Build.0 = Debug|Any CPU
		{E7BE1D4A-7D44-4A71-A17B-1E4D77D0F4CB}.Release|Any CPU.ActiveCfg = Release|Any CPU
		{E7BE1D4A-7D44-4A71-A17B-1E4D77D0F4CB}.Release|Any CPU.Build.0 = Release|Any CPU
		{E7BE1D4A-7D44-4A71-A17B-1E4D77D0F4CB}.Release|iPhone.ActiveCfg = Release|Any CPU
		{E7BE1D4A-7D44-4A71-A17B-1E4D77D0F4CB}.Release|iPhone.Build.0 = Release|Any CPU
		{E7BE1D4A-7D44-4A71-A17B-1E4D77D0F4CB}.Release|iPhoneSimulator.ActiveCfg = Release|Any CPU
		{E7BE1D4A-7D44-4A71-A17B-1E4D77D0F4CB}.Release|iPhoneSimulator.Build.0 = Release|Any CPU
		{E7BE1D4A-7D44-4A71-A17B-1E4D77D0F4CB}.Release|x86.ActiveCfg = Release|Any CPU
		{E7BE1D4A-7D44-4A71-A17B-1E4D77D0F4CB}.Release|x86.Build.0 = Release|Any CPU
		{B90C11CE-B5AB-4346-B9F1-92DC03220393}.Debug|Any CPU.ActiveCfg = Debug|Any CPU
		{B90C11CE-B5AB-4346-B9F1-92DC03220393}.Debug|Any CPU.Build.0 = Debug|Any CPU
		{B90C11CE-B5AB-4346-B9F1-92DC03220393}.Debug|iPhone.ActiveCfg = Debug|Any CPU
		{B90C11CE-B5AB-4346-B9F1-92DC03220393}.Debug|iPhone.Build.0 = Debug|Any CPU
		{B90C11CE-B5AB-4346-B9F1-92DC03220393}.Debug|iPhoneSimulator.ActiveCfg = Debug|Any CPU
		{B90C11CE-B5AB-4346-B9F1-92DC03220393}.Debug|iPhoneSimulator.Build.0 = Debug|Any CPU
		{B90C11CE-B5AB-4346-B9F1-92DC03220393}.Debug|x86.ActiveCfg = Debug|Any CPU
		{B90C11CE-B5AB-4346-B9F1-92DC03220393}.Debug|x86.Build.0 = Debug|Any CPU
		{B90C11CE-B5AB-4346-B9F1-92DC03220393}.Release|Any CPU.ActiveCfg = Release|Any CPU
		{B90C11CE-B5AB-4346-B9F1-92DC03220393}.Release|Any CPU.Build.0 = Release|Any CPU
		{B90C11CE-B5AB-4346-B9F1-92DC03220393}.Release|iPhone.ActiveCfg = Release|Any CPU
		{B90C11CE-B5AB-4346-B9F1-92DC03220393}.Release|iPhone.Build.0 = Release|Any CPU
		{B90C11CE-B5AB-4346-B9F1-92DC03220393}.Release|iPhoneSimulator.ActiveCfg = Release|Any CPU
		{B90C11CE-B5AB-4346-B9F1-92DC03220393}.Release|iPhoneSimulator.Build.0 = Release|Any CPU
		{B90C11CE-B5AB-4346-B9F1-92DC03220393}.Release|x86.ActiveCfg = Release|Any CPU
		{B90C11CE-B5AB-4346-B9F1-92DC03220393}.Release|x86.Build.0 = Release|Any CPU
		{18A455EE-67DC-4F0F-9173-224EDDA5D9BD}.Debug|Any CPU.ActiveCfg = Debug|Any CPU
		{18A455EE-67DC-4F0F-9173-224EDDA5D9BD}.Debug|Any CPU.Build.0 = Debug|Any CPU
		{18A455EE-67DC-4F0F-9173-224EDDA5D9BD}.Debug|iPhone.ActiveCfg = Debug|Any CPU
		{18A455EE-67DC-4F0F-9173-224EDDA5D9BD}.Debug|iPhone.Build.0 = Debug|Any CPU
		{18A455EE-67DC-4F0F-9173-224EDDA5D9BD}.Debug|iPhoneSimulator.ActiveCfg = Debug|Any CPU
		{18A455EE-67DC-4F0F-9173-224EDDA5D9BD}.Debug|iPhoneSimulator.Build.0 = Debug|Any CPU
		{18A455EE-67DC-4F0F-9173-224EDDA5D9BD}.Debug|x86.ActiveCfg = Debug|Any CPU
		{18A455EE-67DC-4F0F-9173-224EDDA5D9BD}.Debug|x86.Build.0 = Debug|Any CPU
		{18A455EE-67DC-4F0F-9173-224EDDA5D9BD}.Release|Any CPU.ActiveCfg = Release|Any CPU
		{18A455EE-67DC-4F0F-9173-224EDDA5D9BD}.Release|Any CPU.Build.0 = Release|Any CPU
		{18A455EE-67DC-4F0F-9173-224EDDA5D9BD}.Release|iPhone.ActiveCfg = Release|Any CPU
		{18A455EE-67DC-4F0F-9173-224EDDA5D9BD}.Release|iPhone.Build.0 = Release|Any CPU
		{18A455EE-67DC-4F0F-9173-224EDDA5D9BD}.Release|iPhoneSimulator.ActiveCfg = Release|Any CPU
		{18A455EE-67DC-4F0F-9173-224EDDA5D9BD}.Release|iPhoneSimulator.Build.0 = Release|Any CPU
		{18A455EE-67DC-4F0F-9173-224EDDA5D9BD}.Release|x86.ActiveCfg = Release|Any CPU
		{18A455EE-67DC-4F0F-9173-224EDDA5D9BD}.Release|x86.Build.0 = Release|Any CPU
		{4B3192B9-A25C-452F-AF3F-4944A6A8C601}.Debug|Any CPU.ActiveCfg = Debug|Any CPU
		{4B3192B9-A25C-452F-AF3F-4944A6A8C601}.Debug|Any CPU.Build.0 = Debug|Any CPU
		{4B3192B9-A25C-452F-AF3F-4944A6A8C601}.Debug|iPhone.ActiveCfg = Debug|Any CPU
		{4B3192B9-A25C-452F-AF3F-4944A6A8C601}.Debug|iPhone.Build.0 = Debug|Any CPU
		{4B3192B9-A25C-452F-AF3F-4944A6A8C601}.Debug|iPhoneSimulator.ActiveCfg = Debug|Any CPU
		{4B3192B9-A25C-452F-AF3F-4944A6A8C601}.Debug|iPhoneSimulator.Build.0 = Debug|Any CPU
		{4B3192B9-A25C-452F-AF3F-4944A6A8C601}.Debug|x86.ActiveCfg = Debug|Any CPU
		{4B3192B9-A25C-452F-AF3F-4944A6A8C601}.Debug|x86.Build.0 = Debug|Any CPU
		{4B3192B9-A25C-452F-AF3F-4944A6A8C601}.Release|Any CPU.ActiveCfg = Release|Any CPU
		{4B3192B9-A25C-452F-AF3F-4944A6A8C601}.Release|Any CPU.Build.0 = Release|Any CPU
		{4B3192B9-A25C-452F-AF3F-4944A6A8C601}.Release|iPhone.ActiveCfg = Release|Any CPU
		{4B3192B9-A25C-452F-AF3F-4944A6A8C601}.Release|iPhone.Build.0 = Release|Any CPU
		{4B3192B9-A25C-452F-AF3F-4944A6A8C601}.Release|iPhoneSimulator.ActiveCfg = Release|Any CPU
		{4B3192B9-A25C-452F-AF3F-4944A6A8C601}.Release|iPhoneSimulator.Build.0 = Release|Any CPU
		{4B3192B9-A25C-452F-AF3F-4944A6A8C601}.Release|x86.ActiveCfg = Release|Any CPU
		{4B3192B9-A25C-452F-AF3F-4944A6A8C601}.Release|x86.Build.0 = Release|Any CPU
		{7490C786-FDC8-4A8F-BFA3-44CB500182CA}.Debug|Any CPU.ActiveCfg = Debug|Any CPU
		{7490C786-FDC8-4A8F-BFA3-44CB500182CA}.Debug|Any CPU.Build.0 = Debug|Any CPU
		{7490C786-FDC8-4A8F-BFA3-44CB500182CA}.Debug|iPhone.ActiveCfg = Debug|Any CPU
		{7490C786-FDC8-4A8F-BFA3-44CB500182CA}.Debug|iPhone.Build.0 = Debug|Any CPU
		{7490C786-FDC8-4A8F-BFA3-44CB500182CA}.Debug|iPhoneSimulator.ActiveCfg = Debug|Any CPU
		{7490C786-FDC8-4A8F-BFA3-44CB500182CA}.Debug|iPhoneSimulator.Build.0 = Debug|Any CPU
		{7490C786-FDC8-4A8F-BFA3-44CB500182CA}.Debug|x86.ActiveCfg = Debug|Any CPU
		{7490C786-FDC8-4A8F-BFA3-44CB500182CA}.Debug|x86.Build.0 = Debug|Any CPU
		{7490C786-FDC8-4A8F-BFA3-44CB500182CA}.Release|Any CPU.ActiveCfg = Release|Any CPU
		{7490C786-FDC8-4A8F-BFA3-44CB500182CA}.Release|Any CPU.Build.0 = Release|Any CPU
		{7490C786-FDC8-4A8F-BFA3-44CB500182CA}.Release|iPhone.ActiveCfg = Release|Any CPU
		{7490C786-FDC8-4A8F-BFA3-44CB500182CA}.Release|iPhone.Build.0 = Release|Any CPU
		{7490C786-FDC8-4A8F-BFA3-44CB500182CA}.Release|iPhoneSimulator.ActiveCfg = Release|Any CPU
		{7490C786-FDC8-4A8F-BFA3-44CB500182CA}.Release|iPhoneSimulator.Build.0 = Release|Any CPU
		{7490C786-FDC8-4A8F-BFA3-44CB500182CA}.Release|x86.ActiveCfg = Release|Any CPU
		{7490C786-FDC8-4A8F-BFA3-44CB500182CA}.Release|x86.Build.0 = Release|Any CPU
		{1F109729-7F45-40BE-9C2B-0461679F11BC}.Debug|Any CPU.ActiveCfg = Debug|Any CPU
		{1F109729-7F45-40BE-9C2B-0461679F11BC}.Debug|Any CPU.Build.0 = Debug|Any CPU
		{1F109729-7F45-40BE-9C2B-0461679F11BC}.Debug|iPhone.ActiveCfg = Debug|Any CPU
		{1F109729-7F45-40BE-9C2B-0461679F11BC}.Debug|iPhone.Build.0 = Debug|Any CPU
		{1F109729-7F45-40BE-9C2B-0461679F11BC}.Debug|iPhoneSimulator.ActiveCfg = Debug|Any CPU
		{1F109729-7F45-40BE-9C2B-0461679F11BC}.Debug|iPhoneSimulator.Build.0 = Debug|Any CPU
		{1F109729-7F45-40BE-9C2B-0461679F11BC}.Debug|x86.ActiveCfg = Debug|Any CPU
		{1F109729-7F45-40BE-9C2B-0461679F11BC}.Debug|x86.Build.0 = Debug|Any CPU
		{1F109729-7F45-40BE-9C2B-0461679F11BC}.Release|Any CPU.ActiveCfg = Release|Any CPU
		{1F109729-7F45-40BE-9C2B-0461679F11BC}.Release|Any CPU.Build.0 = Release|Any CPU
		{1F109729-7F45-40BE-9C2B-0461679F11BC}.Release|iPhone.ActiveCfg = Release|Any CPU
		{1F109729-7F45-40BE-9C2B-0461679F11BC}.Release|iPhone.Build.0 = Release|Any CPU
		{1F109729-7F45-40BE-9C2B-0461679F11BC}.Release|iPhoneSimulator.ActiveCfg = Release|Any CPU
		{1F109729-7F45-40BE-9C2B-0461679F11BC}.Release|iPhoneSimulator.Build.0 = Release|Any CPU
		{1F109729-7F45-40BE-9C2B-0461679F11BC}.Release|x86.ActiveCfg = Release|Any CPU
		{1F109729-7F45-40BE-9C2B-0461679F11BC}.Release|x86.Build.0 = Release|Any CPU
		{56E60EB5-3A84-4EB3-95F9-F614DF6B7810}.Debug|Any CPU.ActiveCfg = Debug|Any CPU
		{56E60EB5-3A84-4EB3-95F9-F614DF6B7810}.Debug|Any CPU.Build.0 = Debug|Any CPU
		{56E60EB5-3A84-4EB3-95F9-F614DF6B7810}.Debug|iPhone.ActiveCfg = Debug|Any CPU
		{56E60EB5-3A84-4EB3-95F9-F614DF6B7810}.Debug|iPhone.Build.0 = Debug|Any CPU
		{56E60EB5-3A84-4EB3-95F9-F614DF6B7810}.Debug|iPhoneSimulator.ActiveCfg = Debug|Any CPU
		{56E60EB5-3A84-4EB3-95F9-F614DF6B7810}.Debug|iPhoneSimulator.Build.0 = Debug|Any CPU
		{56E60EB5-3A84-4EB3-95F9-F614DF6B7810}.Debug|x86.ActiveCfg = Debug|Any CPU
		{56E60EB5-3A84-4EB3-95F9-F614DF6B7810}.Debug|x86.Build.0 = Debug|Any CPU
		{56E60EB5-3A84-4EB3-95F9-F614DF6B7810}.Release|Any CPU.ActiveCfg = Release|Any CPU
		{56E60EB5-3A84-4EB3-95F9-F614DF6B7810}.Release|Any CPU.Build.0 = Release|Any CPU
		{56E60EB5-3A84-4EB3-95F9-F614DF6B7810}.Release|iPhone.ActiveCfg = Release|Any CPU
		{56E60EB5-3A84-4EB3-95F9-F614DF6B7810}.Release|iPhone.Build.0 = Release|Any CPU
		{56E60EB5-3A84-4EB3-95F9-F614DF6B7810}.Release|iPhoneSimulator.ActiveCfg = Release|Any CPU
		{56E60EB5-3A84-4EB3-95F9-F614DF6B7810}.Release|iPhoneSimulator.Build.0 = Release|Any CPU
		{56E60EB5-3A84-4EB3-95F9-F614DF6B7810}.Release|x86.ActiveCfg = Release|Any CPU
		{56E60EB5-3A84-4EB3-95F9-F614DF6B7810}.Release|x86.Build.0 = Release|Any CPU
		{3525816F-B0CE-4E34-A8C8-63BEAF833767}.Debug|Any CPU.ActiveCfg = Debug|Any CPU
		{3525816F-B0CE-4E34-A8C8-63BEAF833767}.Debug|Any CPU.Build.0 = Debug|Any CPU
		{3525816F-B0CE-4E34-A8C8-63BEAF833767}.Debug|iPhone.ActiveCfg = Debug|Any CPU
		{3525816F-B0CE-4E34-A8C8-63BEAF833767}.Debug|iPhone.Build.0 = Debug|Any CPU
		{3525816F-B0CE-4E34-A8C8-63BEAF833767}.Debug|iPhoneSimulator.ActiveCfg = Debug|Any CPU
		{3525816F-B0CE-4E34-A8C8-63BEAF833767}.Debug|iPhoneSimulator.Build.0 = Debug|Any CPU
		{3525816F-B0CE-4E34-A8C8-63BEAF833767}.Debug|x86.ActiveCfg = Debug|Any CPU
		{3525816F-B0CE-4E34-A8C8-63BEAF833767}.Debug|x86.Build.0 = Debug|Any CPU
		{3525816F-B0CE-4E34-A8C8-63BEAF833767}.Release|Any CPU.ActiveCfg = Release|Any CPU
		{3525816F-B0CE-4E34-A8C8-63BEAF833767}.Release|Any CPU.Build.0 = Release|Any CPU
		{3525816F-B0CE-4E34-A8C8-63BEAF833767}.Release|iPhone.ActiveCfg = Release|Any CPU
		{3525816F-B0CE-4E34-A8C8-63BEAF833767}.Release|iPhone.Build.0 = Release|Any CPU
		{3525816F-B0CE-4E34-A8C8-63BEAF833767}.Release|iPhoneSimulator.ActiveCfg = Release|Any CPU
		{3525816F-B0CE-4E34-A8C8-63BEAF833767}.Release|iPhoneSimulator.Build.0 = Release|Any CPU
		{3525816F-B0CE-4E34-A8C8-63BEAF833767}.Release|x86.ActiveCfg = Release|Any CPU
		{3525816F-B0CE-4E34-A8C8-63BEAF833767}.Release|x86.Build.0 = Release|Any CPU
		{BA1915DB-B515-4CF6-BED0-3B2983417463}.Debug|Any CPU.ActiveCfg = Debug|Any CPU
		{BA1915DB-B515-4CF6-BED0-3B2983417463}.Debug|Any CPU.Build.0 = Debug|Any CPU
		{BA1915DB-B515-4CF6-BED0-3B2983417463}.Debug|iPhone.ActiveCfg = Debug|Any CPU
		{BA1915DB-B515-4CF6-BED0-3B2983417463}.Debug|iPhone.Build.0 = Debug|Any CPU
		{BA1915DB-B515-4CF6-BED0-3B2983417463}.Debug|iPhoneSimulator.ActiveCfg = Debug|Any CPU
		{BA1915DB-B515-4CF6-BED0-3B2983417463}.Debug|iPhoneSimulator.Build.0 = Debug|Any CPU
		{BA1915DB-B515-4CF6-BED0-3B2983417463}.Debug|x86.ActiveCfg = Debug|Any CPU
		{BA1915DB-B515-4CF6-BED0-3B2983417463}.Debug|x86.Build.0 = Debug|Any CPU
		{BA1915DB-B515-4CF6-BED0-3B2983417463}.Release|Any CPU.ActiveCfg = Release|Any CPU
		{BA1915DB-B515-4CF6-BED0-3B2983417463}.Release|Any CPU.Build.0 = Release|Any CPU
		{BA1915DB-B515-4CF6-BED0-3B2983417463}.Release|iPhone.ActiveCfg = Release|Any CPU
		{BA1915DB-B515-4CF6-BED0-3B2983417463}.Release|iPhone.Build.0 = Release|Any CPU
		{BA1915DB-B515-4CF6-BED0-3B2983417463}.Release|iPhoneSimulator.ActiveCfg = Release|Any CPU
		{BA1915DB-B515-4CF6-BED0-3B2983417463}.Release|iPhoneSimulator.Build.0 = Release|Any CPU
		{BA1915DB-B515-4CF6-BED0-3B2983417463}.Release|x86.ActiveCfg = Release|Any CPU
		{BA1915DB-B515-4CF6-BED0-3B2983417463}.Release|x86.Build.0 = Release|Any CPU
		{CA85B5AC-02A5-4CFF-9F67-6FFF1F957E0B}.Debug|Any CPU.ActiveCfg = Debug|Any CPU
		{CA85B5AC-02A5-4CFF-9F67-6FFF1F957E0B}.Debug|Any CPU.Build.0 = Debug|Any CPU
		{CA85B5AC-02A5-4CFF-9F67-6FFF1F957E0B}.Debug|iPhone.ActiveCfg = Debug|Any CPU
		{CA85B5AC-02A5-4CFF-9F67-6FFF1F957E0B}.Debug|iPhone.Build.0 = Debug|Any CPU
		{CA85B5AC-02A5-4CFF-9F67-6FFF1F957E0B}.Debug|iPhoneSimulator.ActiveCfg = Debug|Any CPU
		{CA85B5AC-02A5-4CFF-9F67-6FFF1F957E0B}.Debug|iPhoneSimulator.Build.0 = Debug|Any CPU
		{CA85B5AC-02A5-4CFF-9F67-6FFF1F957E0B}.Debug|x86.ActiveCfg = Debug|Any CPU
		{CA85B5AC-02A5-4CFF-9F67-6FFF1F957E0B}.Debug|x86.Build.0 = Debug|Any CPU
		{CA85B5AC-02A5-4CFF-9F67-6FFF1F957E0B}.Release|Any CPU.ActiveCfg = Release|Any CPU
		{CA85B5AC-02A5-4CFF-9F67-6FFF1F957E0B}.Release|Any CPU.Build.0 = Release|Any CPU
		{CA85B5AC-02A5-4CFF-9F67-6FFF1F957E0B}.Release|iPhone.ActiveCfg = Release|Any CPU
		{CA85B5AC-02A5-4CFF-9F67-6FFF1F957E0B}.Release|iPhone.Build.0 = Release|Any CPU
		{CA85B5AC-02A5-4CFF-9F67-6FFF1F957E0B}.Release|iPhoneSimulator.ActiveCfg = Release|Any CPU
		{CA85B5AC-02A5-4CFF-9F67-6FFF1F957E0B}.Release|iPhoneSimulator.Build.0 = Release|Any CPU
		{CA85B5AC-02A5-4CFF-9F67-6FFF1F957E0B}.Release|x86.ActiveCfg = Release|Any CPU
		{CA85B5AC-02A5-4CFF-9F67-6FFF1F957E0B}.Release|x86.Build.0 = Release|Any CPU
		{91DB7360-9EF2-4D93-8210-6B637AE14116}.Debug|Any CPU.ActiveCfg = Debug|Any CPU
		{91DB7360-9EF2-4D93-8210-6B637AE14116}.Debug|Any CPU.Build.0 = Debug|Any CPU
		{91DB7360-9EF2-4D93-8210-6B637AE14116}.Debug|iPhone.ActiveCfg = Debug|Any CPU
		{91DB7360-9EF2-4D93-8210-6B637AE14116}.Debug|iPhone.Build.0 = Debug|Any CPU
		{91DB7360-9EF2-4D93-8210-6B637AE14116}.Debug|iPhoneSimulator.ActiveCfg = Debug|Any CPU
		{91DB7360-9EF2-4D93-8210-6B637AE14116}.Debug|iPhoneSimulator.Build.0 = Debug|Any CPU
		{91DB7360-9EF2-4D93-8210-6B637AE14116}.Debug|x86.ActiveCfg = Debug|Any CPU
		{91DB7360-9EF2-4D93-8210-6B637AE14116}.Debug|x86.Build.0 = Debug|Any CPU
		{91DB7360-9EF2-4D93-8210-6B637AE14116}.Release|Any CPU.ActiveCfg = Release|Any CPU
		{91DB7360-9EF2-4D93-8210-6B637AE14116}.Release|Any CPU.Build.0 = Release|Any CPU
		{91DB7360-9EF2-4D93-8210-6B637AE14116}.Release|iPhone.ActiveCfg = Release|Any CPU
		{91DB7360-9EF2-4D93-8210-6B637AE14116}.Release|iPhone.Build.0 = Release|Any CPU
		{91DB7360-9EF2-4D93-8210-6B637AE14116}.Release|iPhoneSimulator.ActiveCfg = Release|Any CPU
		{91DB7360-9EF2-4D93-8210-6B637AE14116}.Release|iPhoneSimulator.Build.0 = Release|Any CPU
		{91DB7360-9EF2-4D93-8210-6B637AE14116}.Release|x86.ActiveCfg = Release|Any CPU
		{91DB7360-9EF2-4D93-8210-6B637AE14116}.Release|x86.Build.0 = Release|Any CPU
		{7F22E064-9DE1-4678-A0CC-80B8289F3620}.Debug|Any CPU.ActiveCfg = Debug|Any CPU
		{7F22E064-9DE1-4678-A0CC-80B8289F3620}.Debug|Any CPU.Build.0 = Debug|Any CPU
		{7F22E064-9DE1-4678-A0CC-80B8289F3620}.Debug|iPhone.ActiveCfg = Debug|Any CPU
		{7F22E064-9DE1-4678-A0CC-80B8289F3620}.Debug|iPhone.Build.0 = Debug|Any CPU
		{7F22E064-9DE1-4678-A0CC-80B8289F3620}.Debug|iPhoneSimulator.ActiveCfg = Debug|Any CPU
		{7F22E064-9DE1-4678-A0CC-80B8289F3620}.Debug|iPhoneSimulator.Build.0 = Debug|Any CPU
		{7F22E064-9DE1-4678-A0CC-80B8289F3620}.Debug|x86.ActiveCfg = Debug|Any CPU
		{7F22E064-9DE1-4678-A0CC-80B8289F3620}.Debug|x86.Build.0 = Debug|Any CPU
		{7F22E064-9DE1-4678-A0CC-80B8289F3620}.Release|Any CPU.ActiveCfg = Release|Any CPU
		{7F22E064-9DE1-4678-A0CC-80B8289F3620}.Release|Any CPU.Build.0 = Release|Any CPU
		{7F22E064-9DE1-4678-A0CC-80B8289F3620}.Release|iPhone.ActiveCfg = Release|Any CPU
		{7F22E064-9DE1-4678-A0CC-80B8289F3620}.Release|iPhone.Build.0 = Release|Any CPU
		{7F22E064-9DE1-4678-A0CC-80B8289F3620}.Release|iPhoneSimulator.ActiveCfg = Release|Any CPU
		{7F22E064-9DE1-4678-A0CC-80B8289F3620}.Release|iPhoneSimulator.Build.0 = Release|Any CPU
		{7F22E064-9DE1-4678-A0CC-80B8289F3620}.Release|x86.ActiveCfg = Release|Any CPU
		{7F22E064-9DE1-4678-A0CC-80B8289F3620}.Release|x86.Build.0 = Release|Any CPU
		{E09EA8C7-4BE8-4C15-B96B-BBF2D512D3FE}.Debug|Any CPU.ActiveCfg = Debug|Any CPU
		{E09EA8C7-4BE8-4C15-B96B-BBF2D512D3FE}.Debug|Any CPU.Build.0 = Debug|Any CPU
		{E09EA8C7-4BE8-4C15-B96B-BBF2D512D3FE}.Debug|iPhone.ActiveCfg = Debug|Any CPU
		{E09EA8C7-4BE8-4C15-B96B-BBF2D512D3FE}.Debug|iPhone.Build.0 = Debug|Any CPU
		{E09EA8C7-4BE8-4C15-B96B-BBF2D512D3FE}.Debug|iPhoneSimulator.ActiveCfg = Debug|Any CPU
		{E09EA8C7-4BE8-4C15-B96B-BBF2D512D3FE}.Debug|iPhoneSimulator.Build.0 = Debug|Any CPU
		{E09EA8C7-4BE8-4C15-B96B-BBF2D512D3FE}.Debug|x86.ActiveCfg = Debug|Any CPU
		{E09EA8C7-4BE8-4C15-B96B-BBF2D512D3FE}.Debug|x86.Build.0 = Debug|Any CPU
		{E09EA8C7-4BE8-4C15-B96B-BBF2D512D3FE}.Release|Any CPU.ActiveCfg = Release|Any CPU
		{E09EA8C7-4BE8-4C15-B96B-BBF2D512D3FE}.Release|Any CPU.Build.0 = Release|Any CPU
		{E09EA8C7-4BE8-4C15-B96B-BBF2D512D3FE}.Release|iPhone.ActiveCfg = Release|Any CPU
		{E09EA8C7-4BE8-4C15-B96B-BBF2D512D3FE}.Release|iPhone.Build.0 = Release|Any CPU
		{E09EA8C7-4BE8-4C15-B96B-BBF2D512D3FE}.Release|iPhoneSimulator.ActiveCfg = Release|Any CPU
		{E09EA8C7-4BE8-4C15-B96B-BBF2D512D3FE}.Release|iPhoneSimulator.Build.0 = Release|Any CPU
		{E09EA8C7-4BE8-4C15-B96B-BBF2D512D3FE}.Release|x86.ActiveCfg = Release|Any CPU
		{E09EA8C7-4BE8-4C15-B96B-BBF2D512D3FE}.Release|x86.Build.0 = Release|Any CPU
		{21E0BDE8-70D1-4646-AA17-BD8B35044A77}.Debug|Any CPU.ActiveCfg = Debug|Any CPU
		{21E0BDE8-70D1-4646-AA17-BD8B35044A77}.Debug|Any CPU.Build.0 = Debug|Any CPU
		{21E0BDE8-70D1-4646-AA17-BD8B35044A77}.Debug|iPhone.ActiveCfg = Debug|Any CPU
		{21E0BDE8-70D1-4646-AA17-BD8B35044A77}.Debug|iPhone.Build.0 = Debug|Any CPU
		{21E0BDE8-70D1-4646-AA17-BD8B35044A77}.Debug|iPhoneSimulator.ActiveCfg = Debug|Any CPU
		{21E0BDE8-70D1-4646-AA17-BD8B35044A77}.Debug|iPhoneSimulator.Build.0 = Debug|Any CPU
		{21E0BDE8-70D1-4646-AA17-BD8B35044A77}.Debug|x86.ActiveCfg = Debug|Any CPU
		{21E0BDE8-70D1-4646-AA17-BD8B35044A77}.Debug|x86.Build.0 = Debug|Any CPU
		{21E0BDE8-70D1-4646-AA17-BD8B35044A77}.Release|Any CPU.ActiveCfg = Release|Any CPU
		{21E0BDE8-70D1-4646-AA17-BD8B35044A77}.Release|Any CPU.Build.0 = Release|Any CPU
		{21E0BDE8-70D1-4646-AA17-BD8B35044A77}.Release|iPhone.ActiveCfg = Release|Any CPU
		{21E0BDE8-70D1-4646-AA17-BD8B35044A77}.Release|iPhone.Build.0 = Release|Any CPU
		{21E0BDE8-70D1-4646-AA17-BD8B35044A77}.Release|iPhoneSimulator.ActiveCfg = Release|Any CPU
		{21E0BDE8-70D1-4646-AA17-BD8B35044A77}.Release|iPhoneSimulator.Build.0 = Release|Any CPU
		{21E0BDE8-70D1-4646-AA17-BD8B35044A77}.Release|x86.ActiveCfg = Release|Any CPU
		{21E0BDE8-70D1-4646-AA17-BD8B35044A77}.Release|x86.Build.0 = Release|Any CPU
		{ACE35064-27A1-4816-9D38-F15C8ED2CD13}.Debug|Any CPU.ActiveCfg = Debug|Any CPU
		{ACE35064-27A1-4816-9D38-F15C8ED2CD13}.Debug|Any CPU.Build.0 = Debug|Any CPU
		{ACE35064-27A1-4816-9D38-F15C8ED2CD13}.Debug|iPhone.ActiveCfg = Debug|Any CPU
		{ACE35064-27A1-4816-9D38-F15C8ED2CD13}.Debug|iPhone.Build.0 = Debug|Any CPU
		{ACE35064-27A1-4816-9D38-F15C8ED2CD13}.Debug|iPhoneSimulator.ActiveCfg = Debug|Any CPU
		{ACE35064-27A1-4816-9D38-F15C8ED2CD13}.Debug|iPhoneSimulator.Build.0 = Debug|Any CPU
		{ACE35064-27A1-4816-9D38-F15C8ED2CD13}.Debug|x86.ActiveCfg = Debug|Any CPU
		{ACE35064-27A1-4816-9D38-F15C8ED2CD13}.Debug|x86.Build.0 = Debug|Any CPU
		{ACE35064-27A1-4816-9D38-F15C8ED2CD13}.Release|Any CPU.ActiveCfg = Release|Any CPU
		{ACE35064-27A1-4816-9D38-F15C8ED2CD13}.Release|Any CPU.Build.0 = Release|Any CPU
		{ACE35064-27A1-4816-9D38-F15C8ED2CD13}.Release|iPhone.ActiveCfg = Release|Any CPU
		{ACE35064-27A1-4816-9D38-F15C8ED2CD13}.Release|iPhone.Build.0 = Release|Any CPU
		{ACE35064-27A1-4816-9D38-F15C8ED2CD13}.Release|iPhoneSimulator.ActiveCfg = Release|Any CPU
		{ACE35064-27A1-4816-9D38-F15C8ED2CD13}.Release|iPhoneSimulator.Build.0 = Release|Any CPU
		{ACE35064-27A1-4816-9D38-F15C8ED2CD13}.Release|x86.ActiveCfg = Release|Any CPU
		{ACE35064-27A1-4816-9D38-F15C8ED2CD13}.Release|x86.Build.0 = Release|Any CPU
		{0499A268-3D2D-49FF-A1EF-680BCFD4A428}.Debug|Any CPU.ActiveCfg = Debug|Any CPU
		{0499A268-3D2D-49FF-A1EF-680BCFD4A428}.Debug|Any CPU.Build.0 = Debug|Any CPU
		{0499A268-3D2D-49FF-A1EF-680BCFD4A428}.Debug|iPhone.ActiveCfg = Debug|Any CPU
		{0499A268-3D2D-49FF-A1EF-680BCFD4A428}.Debug|iPhone.Build.0 = Debug|Any CPU
		{0499A268-3D2D-49FF-A1EF-680BCFD4A428}.Debug|iPhoneSimulator.ActiveCfg = Debug|Any CPU
		{0499A268-3D2D-49FF-A1EF-680BCFD4A428}.Debug|iPhoneSimulator.Build.0 = Debug|Any CPU
		{0499A268-3D2D-49FF-A1EF-680BCFD4A428}.Debug|x86.ActiveCfg = Debug|Any CPU
		{0499A268-3D2D-49FF-A1EF-680BCFD4A428}.Debug|x86.Build.0 = Debug|Any CPU
		{0499A268-3D2D-49FF-A1EF-680BCFD4A428}.Release|Any CPU.ActiveCfg = Release|Any CPU
		{0499A268-3D2D-49FF-A1EF-680BCFD4A428}.Release|Any CPU.Build.0 = Release|Any CPU
		{0499A268-3D2D-49FF-A1EF-680BCFD4A428}.Release|iPhone.ActiveCfg = Release|Any CPU
		{0499A268-3D2D-49FF-A1EF-680BCFD4A428}.Release|iPhone.Build.0 = Release|Any CPU
		{0499A268-3D2D-49FF-A1EF-680BCFD4A428}.Release|iPhoneSimulator.ActiveCfg = Release|Any CPU
		{0499A268-3D2D-49FF-A1EF-680BCFD4A428}.Release|iPhoneSimulator.Build.0 = Release|Any CPU
		{0499A268-3D2D-49FF-A1EF-680BCFD4A428}.Release|x86.ActiveCfg = Release|Any CPU
		{0499A268-3D2D-49FF-A1EF-680BCFD4A428}.Release|x86.Build.0 = Release|Any CPU
		{A8266004-CC33-4BB2-B5D0-CA6FF41C531A}.Debug|Any CPU.ActiveCfg = Debug|Any CPU
		{A8266004-CC33-4BB2-B5D0-CA6FF41C531A}.Debug|Any CPU.Build.0 = Debug|Any CPU
		{A8266004-CC33-4BB2-B5D0-CA6FF41C531A}.Debug|iPhone.ActiveCfg = Debug|Any CPU
		{A8266004-CC33-4BB2-B5D0-CA6FF41C531A}.Debug|iPhone.Build.0 = Debug|Any CPU
		{A8266004-CC33-4BB2-B5D0-CA6FF41C531A}.Debug|iPhoneSimulator.ActiveCfg = Debug|Any CPU
		{A8266004-CC33-4BB2-B5D0-CA6FF41C531A}.Debug|iPhoneSimulator.Build.0 = Debug|Any CPU
		{A8266004-CC33-4BB2-B5D0-CA6FF41C531A}.Debug|x86.ActiveCfg = Debug|Any CPU
		{A8266004-CC33-4BB2-B5D0-CA6FF41C531A}.Debug|x86.Build.0 = Debug|Any CPU
		{A8266004-CC33-4BB2-B5D0-CA6FF41C531A}.Release|Any CPU.ActiveCfg = Release|Any CPU
		{A8266004-CC33-4BB2-B5D0-CA6FF41C531A}.Release|Any CPU.Build.0 = Release|Any CPU
		{A8266004-CC33-4BB2-B5D0-CA6FF41C531A}.Release|iPhone.ActiveCfg = Release|Any CPU
		{A8266004-CC33-4BB2-B5D0-CA6FF41C531A}.Release|iPhone.Build.0 = Release|Any CPU
		{A8266004-CC33-4BB2-B5D0-CA6FF41C531A}.Release|iPhoneSimulator.ActiveCfg = Release|Any CPU
		{A8266004-CC33-4BB2-B5D0-CA6FF41C531A}.Release|iPhoneSimulator.Build.0 = Release|Any CPU
		{A8266004-CC33-4BB2-B5D0-CA6FF41C531A}.Release|x86.ActiveCfg = Release|Any CPU
		{A8266004-CC33-4BB2-B5D0-CA6FF41C531A}.Release|x86.Build.0 = Release|Any CPU
		{81DA1CDA-7034-4DD2-8CD1-BF5978C49066}.Debug|Any CPU.ActiveCfg = Debug|Any CPU
		{81DA1CDA-7034-4DD2-8CD1-BF5978C49066}.Debug|Any CPU.Build.0 = Debug|Any CPU
		{81DA1CDA-7034-4DD2-8CD1-BF5978C49066}.Debug|iPhone.ActiveCfg = Debug|Any CPU
		{81DA1CDA-7034-4DD2-8CD1-BF5978C49066}.Debug|iPhone.Build.0 = Debug|Any CPU
		{81DA1CDA-7034-4DD2-8CD1-BF5978C49066}.Debug|iPhoneSimulator.ActiveCfg = Debug|Any CPU
		{81DA1CDA-7034-4DD2-8CD1-BF5978C49066}.Debug|iPhoneSimulator.Build.0 = Debug|Any CPU
		{81DA1CDA-7034-4DD2-8CD1-BF5978C49066}.Debug|x86.ActiveCfg = Debug|Any CPU
		{81DA1CDA-7034-4DD2-8CD1-BF5978C49066}.Debug|x86.Build.0 = Debug|Any CPU
		{81DA1CDA-7034-4DD2-8CD1-BF5978C49066}.Release|Any CPU.ActiveCfg = Release|Any CPU
		{81DA1CDA-7034-4DD2-8CD1-BF5978C49066}.Release|Any CPU.Build.0 = Release|Any CPU
		{81DA1CDA-7034-4DD2-8CD1-BF5978C49066}.Release|iPhone.ActiveCfg = Release|Any CPU
		{81DA1CDA-7034-4DD2-8CD1-BF5978C49066}.Release|iPhone.Build.0 = Release|Any CPU
		{81DA1CDA-7034-4DD2-8CD1-BF5978C49066}.Release|iPhoneSimulator.ActiveCfg = Release|Any CPU
		{81DA1CDA-7034-4DD2-8CD1-BF5978C49066}.Release|iPhoneSimulator.Build.0 = Release|Any CPU
		{81DA1CDA-7034-4DD2-8CD1-BF5978C49066}.Release|x86.ActiveCfg = Release|Any CPU
		{81DA1CDA-7034-4DD2-8CD1-BF5978C49066}.Release|x86.Build.0 = Release|Any CPU
		{6B93CD7F-23F8-439A-8B69-1DD5ADB879F6}.Debug|Any CPU.ActiveCfg = Debug|Any CPU
		{6B93CD7F-23F8-439A-8B69-1DD5ADB879F6}.Debug|Any CPU.Build.0 = Debug|Any CPU
		{6B93CD7F-23F8-439A-8B69-1DD5ADB879F6}.Debug|iPhone.ActiveCfg = Debug|Any CPU
		{6B93CD7F-23F8-439A-8B69-1DD5ADB879F6}.Debug|iPhone.Build.0 = Debug|Any CPU
		{6B93CD7F-23F8-439A-8B69-1DD5ADB879F6}.Debug|iPhoneSimulator.ActiveCfg = Debug|Any CPU
		{6B93CD7F-23F8-439A-8B69-1DD5ADB879F6}.Debug|iPhoneSimulator.Build.0 = Debug|Any CPU
		{6B93CD7F-23F8-439A-8B69-1DD5ADB879F6}.Debug|x86.ActiveCfg = Debug|Any CPU
		{6B93CD7F-23F8-439A-8B69-1DD5ADB879F6}.Debug|x86.Build.0 = Debug|Any CPU
		{6B93CD7F-23F8-439A-8B69-1DD5ADB879F6}.Release|Any CPU.ActiveCfg = Release|Any CPU
		{6B93CD7F-23F8-439A-8B69-1DD5ADB879F6}.Release|Any CPU.Build.0 = Release|Any CPU
		{6B93CD7F-23F8-439A-8B69-1DD5ADB879F6}.Release|iPhone.ActiveCfg = Release|Any CPU
		{6B93CD7F-23F8-439A-8B69-1DD5ADB879F6}.Release|iPhone.Build.0 = Release|Any CPU
		{6B93CD7F-23F8-439A-8B69-1DD5ADB879F6}.Release|iPhoneSimulator.ActiveCfg = Release|Any CPU
		{6B93CD7F-23F8-439A-8B69-1DD5ADB879F6}.Release|iPhoneSimulator.Build.0 = Release|Any CPU
		{6B93CD7F-23F8-439A-8B69-1DD5ADB879F6}.Release|x86.ActiveCfg = Release|Any CPU
		{6B93CD7F-23F8-439A-8B69-1DD5ADB879F6}.Release|x86.Build.0 = Release|Any CPU
		{3A3A9AA0-0A02-4991-82C2-ED15D8C8D217}.Debug|Any CPU.ActiveCfg = Debug|Any CPU
		{3A3A9AA0-0A02-4991-82C2-ED15D8C8D217}.Debug|Any CPU.Build.0 = Debug|Any CPU
		{3A3A9AA0-0A02-4991-82C2-ED15D8C8D217}.Debug|iPhone.ActiveCfg = Debug|Any CPU
		{3A3A9AA0-0A02-4991-82C2-ED15D8C8D217}.Debug|iPhoneSimulator.ActiveCfg = Debug|Any CPU
		{3A3A9AA0-0A02-4991-82C2-ED15D8C8D217}.Debug|x86.ActiveCfg = Debug|Any CPU
		{3A3A9AA0-0A02-4991-82C2-ED15D8C8D217}.Debug|x86.Build.0 = Debug|Any CPU
		{3A3A9AA0-0A02-4991-82C2-ED15D8C8D217}.Release|Any CPU.ActiveCfg = Release|Any CPU
		{3A3A9AA0-0A02-4991-82C2-ED15D8C8D217}.Release|Any CPU.Build.0 = Release|Any CPU
		{3A3A9AA0-0A02-4991-82C2-ED15D8C8D217}.Release|iPhone.ActiveCfg = Release|Any CPU
		{3A3A9AA0-0A02-4991-82C2-ED15D8C8D217}.Release|iPhoneSimulator.ActiveCfg = Release|Any CPU
		{3A3A9AA0-0A02-4991-82C2-ED15D8C8D217}.Release|x86.ActiveCfg = Release|Any CPU
		{3A3A9AA0-0A02-4991-82C2-ED15D8C8D217}.Release|x86.Build.0 = Release|Any CPU
		{75847B8F-70AF-45B4-9F37-45CB584A87F5}.Debug|Any CPU.ActiveCfg = Debug|Any CPU
		{75847B8F-70AF-45B4-9F37-45CB584A87F5}.Debug|Any CPU.Build.0 = Debug|Any CPU
		{75847B8F-70AF-45B4-9F37-45CB584A87F5}.Debug|iPhone.ActiveCfg = Debug|Any CPU
		{75847B8F-70AF-45B4-9F37-45CB584A87F5}.Debug|iPhone.Build.0 = Debug|Any CPU
		{75847B8F-70AF-45B4-9F37-45CB584A87F5}.Debug|iPhoneSimulator.ActiveCfg = Debug|Any CPU
		{75847B8F-70AF-45B4-9F37-45CB584A87F5}.Debug|iPhoneSimulator.Build.0 = Debug|Any CPU
		{75847B8F-70AF-45B4-9F37-45CB584A87F5}.Debug|x86.ActiveCfg = Debug|Any CPU
		{75847B8F-70AF-45B4-9F37-45CB584A87F5}.Debug|x86.Build.0 = Debug|Any CPU
		{75847B8F-70AF-45B4-9F37-45CB584A87F5}.Release|Any CPU.ActiveCfg = Release|Any CPU
		{75847B8F-70AF-45B4-9F37-45CB584A87F5}.Release|Any CPU.Build.0 = Release|Any CPU
		{75847B8F-70AF-45B4-9F37-45CB584A87F5}.Release|iPhone.ActiveCfg = Release|Any CPU
		{75847B8F-70AF-45B4-9F37-45CB584A87F5}.Release|iPhone.Build.0 = Release|Any CPU
		{75847B8F-70AF-45B4-9F37-45CB584A87F5}.Release|iPhoneSimulator.ActiveCfg = Release|Any CPU
		{75847B8F-70AF-45B4-9F37-45CB584A87F5}.Release|iPhoneSimulator.Build.0 = Release|Any CPU
		{75847B8F-70AF-45B4-9F37-45CB584A87F5}.Release|x86.ActiveCfg = Release|Any CPU
		{75847B8F-70AF-45B4-9F37-45CB584A87F5}.Release|x86.Build.0 = Release|Any CPU
		{6C8F37A5-D1E6-4B6B-BC23-B7EF6BBB01C3}.Debug|Any CPU.ActiveCfg = Debug|Any CPU
		{6C8F37A5-D1E6-4B6B-BC23-B7EF6BBB01C3}.Debug|Any CPU.Build.0 = Debug|Any CPU
		{6C8F37A5-D1E6-4B6B-BC23-B7EF6BBB01C3}.Debug|iPhone.ActiveCfg = Debug|Any CPU
		{6C8F37A5-D1E6-4B6B-BC23-B7EF6BBB01C3}.Debug|iPhone.Build.0 = Debug|Any CPU
		{6C8F37A5-D1E6-4B6B-BC23-B7EF6BBB01C3}.Debug|iPhoneSimulator.ActiveCfg = Debug|Any CPU
		{6C8F37A5-D1E6-4B6B-BC23-B7EF6BBB01C3}.Debug|iPhoneSimulator.Build.0 = Debug|Any CPU
		{6C8F37A5-D1E6-4B6B-BC23-B7EF6BBB01C3}.Debug|x86.ActiveCfg = Debug|Any CPU
		{6C8F37A5-D1E6-4B6B-BC23-B7EF6BBB01C3}.Debug|x86.Build.0 = Debug|Any CPU
		{6C8F37A5-D1E6-4B6B-BC23-B7EF6BBB01C3}.Release|Any CPU.ActiveCfg = Release|Any CPU
		{6C8F37A5-D1E6-4B6B-BC23-B7EF6BBB01C3}.Release|Any CPU.Build.0 = Release|Any CPU
		{6C8F37A5-D1E6-4B6B-BC23-B7EF6BBB01C3}.Release|iPhone.ActiveCfg = Release|Any CPU
		{6C8F37A5-D1E6-4B6B-BC23-B7EF6BBB01C3}.Release|iPhone.Build.0 = Release|Any CPU
		{6C8F37A5-D1E6-4B6B-BC23-B7EF6BBB01C3}.Release|iPhoneSimulator.ActiveCfg = Release|Any CPU
		{6C8F37A5-D1E6-4B6B-BC23-B7EF6BBB01C3}.Release|iPhoneSimulator.Build.0 = Release|Any CPU
		{6C8F37A5-D1E6-4B6B-BC23-B7EF6BBB01C3}.Release|x86.ActiveCfg = Release|Any CPU
		{6C8F37A5-D1E6-4B6B-BC23-B7EF6BBB01C3}.Release|x86.Build.0 = Release|Any CPU
	EndGlobalSection
	GlobalSection(SolutionProperties) = preSolution
		HideSolutionNode = FALSE
	EndGlobalSection
	GlobalSection(NestedProjects) = preSolution
		{7B0840BC-254C-41A0-9B80-344C97820C14} = {668246E3-39E5-4B1A-8CEA-841126D5F928}
		{CC1C1A78-C157-4A62-98AE-27BC98F77F59} = {7C835EA3-A871-427A-856C-AF83B944A907}
		{BE190A6C-3C51-4BB3-B71A-DA8D33E267FC} = {1FDA7CCD-245E-4EC6-8FFE-7516EF1B6653}
		{E7BE1D4A-7D44-4A71-A17B-1E4D77D0F4CB} = {668246E3-39E5-4B1A-8CEA-841126D5F928}
		{B90C11CE-B5AB-4346-B9F1-92DC03220393} = {6165029B-5A29-4072-8AEC-846930E60CC8}
		{18A455EE-67DC-4F0F-9173-224EDDA5D9BD} = {98772539-8117-4A98-8032-4DE7D1785276}
		{4B3192B9-A25C-452F-AF3F-4944A6A8C601} = {292CEC5A-5169-414E-A8FD-0EFB1B7F3F5B}
		{7490C786-FDC8-4A8F-BFA3-44CB500182CA} = {34F62038-BA21-442A-8DA3-7098D9950728}
		{668246E3-39E5-4B1A-8CEA-841126D5F928} = {1FDA7CCD-245E-4EC6-8FFE-7516EF1B6653}
		{1F109729-7F45-40BE-9C2B-0461679F11BC} = {6165029B-5A29-4072-8AEC-846930E60CC8}
		{56E60EB5-3A84-4EB3-95F9-F614DF6B7810} = {98772539-8117-4A98-8032-4DE7D1785276}
		{CA85B5AC-02A5-4CFF-9F67-6FFF1F957E0B} = {1FDA7CCD-245E-4EC6-8FFE-7516EF1B6653}
		{91DB7360-9EF2-4D93-8210-6B637AE14116} = {9B692427-70D6-4F29-9E91-A51759D607F4}
		{7F22E064-9DE1-4678-A0CC-80B8289F3620} = {292CEC5A-5169-414E-A8FD-0EFB1B7F3F5B}
		{98772539-8117-4A98-8032-4DE7D1785276} = {6165029B-5A29-4072-8AEC-846930E60CC8}
		{E09EA8C7-4BE8-4C15-B96B-BBF2D512D3FE} = {9B692427-70D6-4F29-9E91-A51759D607F4}
		{34F62038-BA21-442A-8DA3-7098D9950728} = {292CEC5A-5169-414E-A8FD-0EFB1B7F3F5B}
		{21E0BDE8-70D1-4646-AA17-BD8B35044A77} = {0C5B1CD8-936A-4399-8CAF-885242B4C99A}
		{ACE35064-27A1-4816-9D38-F15C8ED2CD13} = {0C5B1CD8-936A-4399-8CAF-885242B4C99A}
		{0499A268-3D2D-49FF-A1EF-680BCFD4A428} = {138058DF-113E-41DA-914E-406F82F29B88}
		{A8266004-CC33-4BB2-B5D0-CA6FF41C531A} = {0C5B1CD8-936A-4399-8CAF-885242B4C99A}
		{0C5B1CD8-936A-4399-8CAF-885242B4C99A} = {138058DF-113E-41DA-914E-406F82F29B88}
		{7C835EA3-A871-427A-856C-AF83B944A907} = {9B692427-70D6-4F29-9E91-A51759D607F4}
		{81DA1CDA-7034-4DD2-8CD1-BF5978C49066} = {138058DF-113E-41DA-914E-406F82F29B88}
		{6B93CD7F-23F8-439A-8B69-1DD5ADB879F6} = {98772539-8117-4A98-8032-4DE7D1785276}
		{3A3A9AA0-0A02-4991-82C2-ED15D8C8D217} = {668246E3-39E5-4B1A-8CEA-841126D5F928}
		{75847B8F-70AF-45B4-9F37-45CB584A87F5} = {55CDC6D8-2B68-4654-826F-8D0FE98D1BDE}
		{6C8F37A5-D1E6-4B6B-BC23-B7EF6BBB01C3} = {138058DF-113E-41DA-914E-406F82F29B88}
	EndGlobalSection
	GlobalSection(ExtensibilityGlobals) = postSolution
		SolutionGuid = {CA0BB8B8-AA0B-4BDB-A7E3-BD809F704A43}
	EndGlobalSection
EndGlobal
