
Microsoft Visual Studio Solution File, Format Version 12.00
# Visual Studio 15
VisualStudioVersion = 15.0.27130.2027
MinimumVisualStudioVersion = 10.0.40219.1
Project("{FAE04EC0-301F-11D3-BF4B-00C04F79EFBC}") = "WindLoads", "WindLoads\WindLoads.csproj", "{7D938A25-AC75-47C1-93D4-99C78428CDBA}"
EndProject
Project("{FAE04EC0-301F-11D3-BF4B-00C04F79EFBC}") = "WindLoadsTests", "WindLoadsTests\WindLoadsTests.csproj", "{1C990745-F195-440D-AEC8-DC23B43CAB9C}"
EndProject
Project("{FAE04EC0-301F-11D3-BF4B-00C04F79EFBC}") = "Test", "Test\Test.csproj", "{4F7E5A03-AEE4-442C-A347-5F96C42D503F}"
EndProject
Project("{FAE04EC0-301F-11D3-BF4B-00C04F79EFBC}") = "SnowLoads", "SnowLoads\SnowLoads.csproj", "{4DEB055D-ACEF-45FE-A927-B6E757099030}"
EndProject
Project("{FAE04EC0-301F-11D3-BF4B-00C04F79EFBC}") = "SnowLoadsTests", "SnowLoadsTests\SnowLoadsTests.csproj", "{88CF824C-F4C3-4B3C-93E8-1B710E39572E}"
EndProject
Project("{FAE04EC0-301F-11D3-BF4B-00C04F79EFBC}") = "WCF_SOAP_REST_Service", "WCF_SOAP_REST_Service\WCF_SOAP_REST_Service.csproj", "{1FA53484-3AF1-4DF0-8614-A2C86E74D2DC}"
EndProject
Project("{FAE04EC0-301F-11D3-BF4B-00C04F79EFBC}") = "TestData", "TestData\TestData.csproj", "{D9C8B651-3134-450C-BD24-DA178EFE5F6C}"
	ProjectSection(ProjectDependencies) = postProject
		{1FA53484-3AF1-4DF0-8614-A2C86E74D2DC} = {1FA53484-3AF1-4DF0-8614-A2C86E74D2DC}
	EndProjectSection
EndProject
Project("{FAE04EC0-301F-11D3-BF4B-00C04F79EFBC}") = "KPK_CalcSite", "KPK_CalcSite\KPK_CalcSite.csproj", "{8E1CC702-A55C-4CBB-BD77-FC1BEC3C26A4}"
	ProjectSection(ProjectDependencies) = postProject
		{1FA53484-3AF1-4DF0-8614-A2C86E74D2DC} = {1FA53484-3AF1-4DF0-8614-A2C86E74D2DC}
	EndProjectSection
EndProject
Project("{FAE04EC0-301F-11D3-BF4B-00C04F79EFBC}") = "DeadLoads", "DeadLoads\DeadLoads.csproj", "{D63071F3-E389-4C18-A3A1-1077568434D9}"
EndProject
Project("{FAE04EC0-301F-11D3-BF4B-00C04F79EFBC}") = "ReinforcementAnchoring", "ReinforcementArchoring\ReinforcementAnchoring.csproj", "{18B27FDB-03F1-4FFC-AAF8-9F0C3C9D11EC}"
EndProject
Project("{FAE04EC0-301F-11D3-BF4B-00C04F79EFBC}") = "Tools", "Tools\Tools.csproj", "{B9C18721-33E0-4C53-93FA-373F78381516}"
EndProject
Project("{FAE04EC0-301F-11D3-BF4B-00C04F79EFBC}") = "ReinforcementAnchoringTests", "ReinforcementAnchoringTests\ReinforcementAnchoringTests.csproj", "{0A48AB81-0B1F-4433-B604-88564EB5F849}"
EndProject
Project("{FAE04EC0-301F-11D3-BF4B-00C04F79EFBC}") = "DeadLoadsTests", "DeadLoadsTests\DeadLoadsTests.csproj", "{E6E9CDC9-1F15-4B43-9078-AD262F82A746}"
EndProject
Project("{FAE04EC0-301F-11D3-BF4B-00C04F79EFBC}") = "KPK_CalcSiteTests", "KPK_CalcSiteTests\KPK_CalcSiteTests.csproj", "{3472BCAE-0B6F-4A7C-A5BC-2648AE52010E}"
EndProject
Project("{FAE04EC0-301F-11D3-BF4B-00C04F79EFBC}") = "BeamStatica", "BeamStatica\BeamStatica.csproj", "{5BA4928E-A4D5-4B5E-A8CC-95EE66ADEADC}"
EndProject
Project("{FAE04EC0-301F-11D3-BF4B-00C04F79EFBC}") = "BeamStaticaTests", "BeamStaticaTests\BeamStaticaTests.csproj", "{03E870C7-F372-44DD-ABE5-32F5FF125450}"
EndProject
Project("{FAE04EC0-301F-11D3-BF4B-00C04F79EFBC}") = "TestWPF", "TestWPF\TestWPF.csproj", "{41BAE15A-F81F-4FBD-8D91-44D4C04303D8}"
EndProject
Global
	GlobalSection(SolutionConfigurationPlatforms) = preSolution
		Debug|Any CPU = Debug|Any CPU
		Release|Any CPU = Release|Any CPU
	EndGlobalSection
	GlobalSection(ProjectConfigurationPlatforms) = postSolution
		{7D938A25-AC75-47C1-93D4-99C78428CDBA}.Debug|Any CPU.ActiveCfg = Debug|Any CPU
		{7D938A25-AC75-47C1-93D4-99C78428CDBA}.Debug|Any CPU.Build.0 = Debug|Any CPU
		{7D938A25-AC75-47C1-93D4-99C78428CDBA}.Release|Any CPU.ActiveCfg = Release|Any CPU
		{7D938A25-AC75-47C1-93D4-99C78428CDBA}.Release|Any CPU.Build.0 = Release|Any CPU
		{1C990745-F195-440D-AEC8-DC23B43CAB9C}.Debug|Any CPU.ActiveCfg = Debug|Any CPU
		{1C990745-F195-440D-AEC8-DC23B43CAB9C}.Debug|Any CPU.Build.0 = Debug|Any CPU
		{1C990745-F195-440D-AEC8-DC23B43CAB9C}.Release|Any CPU.ActiveCfg = Release|Any CPU
		{1C990745-F195-440D-AEC8-DC23B43CAB9C}.Release|Any CPU.Build.0 = Release|Any CPU
		{4F7E5A03-AEE4-442C-A347-5F96C42D503F}.Debug|Any CPU.ActiveCfg = Debug|Any CPU
		{4F7E5A03-AEE4-442C-A347-5F96C42D503F}.Debug|Any CPU.Build.0 = Debug|Any CPU
		{4F7E5A03-AEE4-442C-A347-5F96C42D503F}.Release|Any CPU.ActiveCfg = Release|Any CPU
		{4F7E5A03-AEE4-442C-A347-5F96C42D503F}.Release|Any CPU.Build.0 = Release|Any CPU
		{4DEB055D-ACEF-45FE-A927-B6E757099030}.Debug|Any CPU.ActiveCfg = Debug|Any CPU
		{4DEB055D-ACEF-45FE-A927-B6E757099030}.Debug|Any CPU.Build.0 = Debug|Any CPU
		{4DEB055D-ACEF-45FE-A927-B6E757099030}.Release|Any CPU.ActiveCfg = Release|Any CPU
		{4DEB055D-ACEF-45FE-A927-B6E757099030}.Release|Any CPU.Build.0 = Release|Any CPU
		{88CF824C-F4C3-4B3C-93E8-1B710E39572E}.Debug|Any CPU.ActiveCfg = Debug|Any CPU
		{88CF824C-F4C3-4B3C-93E8-1B710E39572E}.Debug|Any CPU.Build.0 = Debug|Any CPU
		{88CF824C-F4C3-4B3C-93E8-1B710E39572E}.Release|Any CPU.ActiveCfg = Release|Any CPU
		{88CF824C-F4C3-4B3C-93E8-1B710E39572E}.Release|Any CPU.Build.0 = Release|Any CPU
		{1FA53484-3AF1-4DF0-8614-A2C86E74D2DC}.Debug|Any CPU.ActiveCfg = Debug|Any CPU
		{1FA53484-3AF1-4DF0-8614-A2C86E74D2DC}.Debug|Any CPU.Build.0 = Debug|Any CPU
		{1FA53484-3AF1-4DF0-8614-A2C86E74D2DC}.Release|Any CPU.ActiveCfg = Release|Any CPU
		{1FA53484-3AF1-4DF0-8614-A2C86E74D2DC}.Release|Any CPU.Build.0 = Release|Any CPU
		{D9C8B651-3134-450C-BD24-DA178EFE5F6C}.Debug|Any CPU.ActiveCfg = Debug|Any CPU
		{D9C8B651-3134-450C-BD24-DA178EFE5F6C}.Debug|Any CPU.Build.0 = Debug|Any CPU
		{D9C8B651-3134-450C-BD24-DA178EFE5F6C}.Release|Any CPU.ActiveCfg = Release|Any CPU
		{D9C8B651-3134-450C-BD24-DA178EFE5F6C}.Release|Any CPU.Build.0 = Release|Any CPU
		{8E1CC702-A55C-4CBB-BD77-FC1BEC3C26A4}.Debug|Any CPU.ActiveCfg = Debug|Any CPU
		{8E1CC702-A55C-4CBB-BD77-FC1BEC3C26A4}.Debug|Any CPU.Build.0 = Debug|Any CPU
		{8E1CC702-A55C-4CBB-BD77-FC1BEC3C26A4}.Release|Any CPU.ActiveCfg = Release|Any CPU
		{8E1CC702-A55C-4CBB-BD77-FC1BEC3C26A4}.Release|Any CPU.Build.0 = Release|Any CPU
		{D63071F3-E389-4C18-A3A1-1077568434D9}.Debug|Any CPU.ActiveCfg = Debug|Any CPU
		{D63071F3-E389-4C18-A3A1-1077568434D9}.Debug|Any CPU.Build.0 = Debug|Any CPU
		{D63071F3-E389-4C18-A3A1-1077568434D9}.Release|Any CPU.ActiveCfg = Release|Any CPU
		{D63071F3-E389-4C18-A3A1-1077568434D9}.Release|Any CPU.Build.0 = Release|Any CPU
		{18B27FDB-03F1-4FFC-AAF8-9F0C3C9D11EC}.Debug|Any CPU.ActiveCfg = Debug|Any CPU
		{18B27FDB-03F1-4FFC-AAF8-9F0C3C9D11EC}.Debug|Any CPU.Build.0 = Debug|Any CPU
		{18B27FDB-03F1-4FFC-AAF8-9F0C3C9D11EC}.Release|Any CPU.ActiveCfg = Release|Any CPU
		{18B27FDB-03F1-4FFC-AAF8-9F0C3C9D11EC}.Release|Any CPU.Build.0 = Release|Any CPU
		{B9C18721-33E0-4C53-93FA-373F78381516}.Debug|Any CPU.ActiveCfg = Debug|Any CPU
		{B9C18721-33E0-4C53-93FA-373F78381516}.Debug|Any CPU.Build.0 = Debug|Any CPU
		{B9C18721-33E0-4C53-93FA-373F78381516}.Release|Any CPU.ActiveCfg = Release|Any CPU
		{B9C18721-33E0-4C53-93FA-373F78381516}.Release|Any CPU.Build.0 = Release|Any CPU
		{0A48AB81-0B1F-4433-B604-88564EB5F849}.Debug|Any CPU.ActiveCfg = Debug|Any CPU
		{0A48AB81-0B1F-4433-B604-88564EB5F849}.Debug|Any CPU.Build.0 = Debug|Any CPU
		{0A48AB81-0B1F-4433-B604-88564EB5F849}.Release|Any CPU.ActiveCfg = Release|Any CPU
		{0A48AB81-0B1F-4433-B604-88564EB5F849}.Release|Any CPU.Build.0 = Release|Any CPU
		{E6E9CDC9-1F15-4B43-9078-AD262F82A746}.Debug|Any CPU.ActiveCfg = Debug|Any CPU
		{E6E9CDC9-1F15-4B43-9078-AD262F82A746}.Debug|Any CPU.Build.0 = Debug|Any CPU
		{E6E9CDC9-1F15-4B43-9078-AD262F82A746}.Release|Any CPU.ActiveCfg = Release|Any CPU
		{E6E9CDC9-1F15-4B43-9078-AD262F82A746}.Release|Any CPU.Build.0 = Release|Any CPU
		{3472BCAE-0B6F-4A7C-A5BC-2648AE52010E}.Debug|Any CPU.ActiveCfg = Debug|Any CPU
		{3472BCAE-0B6F-4A7C-A5BC-2648AE52010E}.Debug|Any CPU.Build.0 = Debug|Any CPU
		{3472BCAE-0B6F-4A7C-A5BC-2648AE52010E}.Release|Any CPU.ActiveCfg = Release|Any CPU
		{3472BCAE-0B6F-4A7C-A5BC-2648AE52010E}.Release|Any CPU.Build.0 = Release|Any CPU
		{5BA4928E-A4D5-4B5E-A8CC-95EE66ADEADC}.Debug|Any CPU.ActiveCfg = Debug|Any CPU
		{5BA4928E-A4D5-4B5E-A8CC-95EE66ADEADC}.Debug|Any CPU.Build.0 = Debug|Any CPU
		{5BA4928E-A4D5-4B5E-A8CC-95EE66ADEADC}.Release|Any CPU.ActiveCfg = Release|Any CPU
		{5BA4928E-A4D5-4B5E-A8CC-95EE66ADEADC}.Release|Any CPU.Build.0 = Release|Any CPU
		{03E870C7-F372-44DD-ABE5-32F5FF125450}.Debug|Any CPU.ActiveCfg = Debug|Any CPU
		{03E870C7-F372-44DD-ABE5-32F5FF125450}.Debug|Any CPU.Build.0 = Debug|Any CPU
		{03E870C7-F372-44DD-ABE5-32F5FF125450}.Release|Any CPU.ActiveCfg = Release|Any CPU
		{03E870C7-F372-44DD-ABE5-32F5FF125450}.Release|Any CPU.Build.0 = Release|Any CPU
		{41BAE15A-F81F-4FBD-8D91-44D4C04303D8}.Debug|Any CPU.ActiveCfg = Debug|Any CPU
		{41BAE15A-F81F-4FBD-8D91-44D4C04303D8}.Debug|Any CPU.Build.0 = Debug|Any CPU
		{41BAE15A-F81F-4FBD-8D91-44D4C04303D8}.Release|Any CPU.ActiveCfg = Release|Any CPU
		{41BAE15A-F81F-4FBD-8D91-44D4C04303D8}.Release|Any CPU.Build.0 = Release|Any CPU
	EndGlobalSection
	GlobalSection(SolutionProperties) = preSolution
		HideSolutionNode = FALSE
	EndGlobalSection
	GlobalSection(ExtensibilityGlobals) = postSolution
		SolutionGuid = {CA0BB8B8-AA0B-4BDB-A7E3-BD809F704A43}
	EndGlobalSection
EndGlobal
